Microsoft Visual Studio Solution File, Format Version 12.00
# Visual Studio 15
VisualStudioVersion = 15.0.27004.2010
MinimumVisualStudioVersion = 10.0.40219.1
Project("{2150E333-8FDC-42A3-9474-1A3956D46DE8}") = ".paket", ".paket", "{63297B98-5CED-492C-A5B7-A5B4F73CF142}"
	ProjectSection(SolutionItems) = preProject
		paket.dependencies = paket.dependencies
		paket.lock = paket.lock
	EndProjectSection
EndProject
Project("{2150E333-8FDC-42A3-9474-1A3956D46DE8}") = "docs", "docs", "{A6A6AF7D-D6E3-442D-9B1E-58CC91879BE1}"
EndProject
Project("{2150E333-8FDC-42A3-9474-1A3956D46DE8}") = "project", "project", "{BF60BC93-E09B-4E5F-9D85-95A519479D54}"
	ProjectSection(SolutionItems) = preProject
		build.fsx = build.fsx
		README.md = README.md
		RELEASE_NOTES.md = RELEASE_NOTES.md
	EndProjectSection
EndProject
Project("{2150E333-8FDC-42A3-9474-1A3956D46DE8}") = "tools", "tools", "{83F16175-43B1-4C90-A1EE-8E351C33435D}"
	ProjectSection(SolutionItems) = preProject
		docs\tools\formatters.fsx = docs\tools\formatters.fsx
		docs\tools\generate.fsx = docs\tools\generate.fsx
		docs\tools\templates\template.cshtml = docs\tools\templates\template.cshtml
	EndProjectSection
EndProject
Project("{2150E333-8FDC-42A3-9474-1A3956D46DE8}") = "content", "content", "{8E6D5255-776D-4B61-85F9-73C37AA1FB9A}"
	ProjectSection(SolutionItems) = preProject
		docs\content\2d-histograms.fsx = docs\content\2d-histograms.fsx
		docs\content\3d-line-plots.fsx = docs\content\3d-line-plots.fsx
		docs\content\3d-mesh-plots.fsx = docs\content\3d-mesh-plots.fsx
		docs\content\3d-scatter-plots.fsx = docs\content\3d-scatter-plots.fsx
		docs\content\3d-surface-plots.fsx = docs\content\3d-surface-plots.fsx
		docs\content\area-plots.fsx = docs\content\area-plots.fsx
		docs\content\bar-charts.fsx = docs\content\bar-charts.fsx
		docs\content\box-plots.fsx = docs\content\box-plots.fsx
		docs\content\bubble-charts.fsx = docs\content\bubble-charts.fsx
		docs\content\contour-plots.fsx = docs\content\contour-plots.fsx
		docs\content\getting-started.fsx = docs\content\getting-started.fsx
		docs\content\heatmaps.fsx = docs\content\heatmaps.fsx
		docs\content\histograms.fsx = docs\content\histograms.fsx
		docs\content\index.fsx = docs\content\index.fsx
		docs\content\line-scatter-plots.fsx = docs\content\line-scatter-plots.fsx
		docs\content\parallel-coords.fsx = docs\content\parallel-coords.fsx
		docs\content\pie-daughnut-charts.fsx = docs\content\pie-daughnut-charts.fsx
		docs\content\plotly-wpf.fsx = docs\content\plotly-wpf.fsx
		docs\content\polar-charts.fsx = docs\content\polar-charts.fsx
		docs\content\range-plots.fsx = docs\content\range-plots.fsx
		docs\content\shapes.fsx = docs\content\shapes.fsx
		docs\content\windrose-charts.fsx = docs\content\windrose-charts.fsx
	EndProjectSection
EndProject
Project("{2150E333-8FDC-42A3-9474-1A3956D46DE8}") = "tests", "tests", "{ED8079DD-2B06-4030-9F0F-DC548F98E1C4}"
EndProject
Project("{F2A71F9B-5D33-465A-A702-920D77279786}") = "FSharp.Plotly.Tests", "tests\FSharp.Plotly.Tests\FSharp.Plotly.Tests.fsproj", "{B7F06453-847A-4894-9705-7BFB793E5AFC}"
EndProject
Project("{F2A71F9B-5D33-465A-A702-920D77279786}") = "FSharp.Plotly.WPF", "src\FSharp.Plotly.WPF\FSharp.Plotly.WPF.fsproj", "{8540F0CB-E9DE-4FBF-B691-C13A4A28E6B8}"
EndProject
Project("{F2A71F9B-5D33-465A-A702-920D77279786}") = "FSharp.Plotly", "src\FSharp.Plotly\FSharp.Plotly.fsproj", "{A57AEBC7-0C03-487E-B8A3-0F6CBDAD88F3}"
EndProject
Global
	GlobalSection(SolutionConfigurationPlatforms) = preSolution
		Debug|Any CPU = Debug|Any CPU
		Release|Any CPU = Release|Any CPU
	EndGlobalSection
	GlobalSection(ProjectConfigurationPlatforms) = postSolution
		{B7F06453-847A-4894-9705-7BFB793E5AFC}.Debug|Any CPU.ActiveCfg = Debug|Any CPU
		{B7F06453-847A-4894-9705-7BFB793E5AFC}.Debug|Any CPU.Build.0 = Debug|Any CPU
		{B7F06453-847A-4894-9705-7BFB793E5AFC}.Release|Any CPU.ActiveCfg = Release|Any CPU
		{B7F06453-847A-4894-9705-7BFB793E5AFC}.Release|Any CPU.Build.0 = Release|Any CPU
		{8540F0CB-E9DE-4FBF-B691-C13A4A28E6B8}.Debug|Any CPU.ActiveCfg = Debug|Any CPU
		{8540F0CB-E9DE-4FBF-B691-C13A4A28E6B8}.Debug|Any CPU.Build.0 = Debug|Any CPU
		{8540F0CB-E9DE-4FBF-B691-C13A4A28E6B8}.Release|Any CPU.ActiveCfg = Release|Any CPU
		{8540F0CB-E9DE-4FBF-B691-C13A4A28E6B8}.Release|Any CPU.Build.0 = Release|Any CPU
		{A57AEBC7-0C03-487E-B8A3-0F6CBDAD88F3}.Debug|Any CPU.ActiveCfg = Debug|Any CPU
		{A57AEBC7-0C03-487E-B8A3-0F6CBDAD88F3}.Debug|Any CPU.Build.0 = Debug|Any CPU
		{A57AEBC7-0C03-487E-B8A3-0F6CBDAD88F3}.Release|Any CPU.ActiveCfg = Release|Any CPU
		{A57AEBC7-0C03-487E-B8A3-0F6CBDAD88F3}.Release|Any CPU.Build.0 = Release|Any CPU
	EndGlobalSection
	GlobalSection(SolutionProperties) = preSolution
		HideSolutionNode = FALSE
	EndGlobalSection
	GlobalSection(NestedProjects) = preSolution
		{83F16175-43B1-4C90-A1EE-8E351C33435D} = {A6A6AF7D-D6E3-442D-9B1E-58CC91879BE1}
		{8E6D5255-776D-4B61-85F9-73C37AA1FB9A} = {A6A6AF7D-D6E3-442D-9B1E-58CC91879BE1}
		{B7F06453-847A-4894-9705-7BFB793E5AFC} = {ED8079DD-2B06-4030-9F0F-DC548F98E1C4}
	EndGlobalSection
	GlobalSection(ExtensibilityGlobals) = postSolution
		SolutionGuid = {6B093780-85CB-449D-9030-8C934CEFB224}
	EndGlobalSection
EndGlobal
