Microsoft Visual Studio Solution File, Format Version 12.00
# Visual Studio 15
VisualStudioVersion = 15.0.27703.2000
MinimumVisualStudioVersion = 10.0.40219.1
Project("{2150E333-8FDC-42A3-9474-1A3956D46DE8}") = ".paket", ".paket", "{63297B98-5CED-492C-A5B7-A5B4F73CF142}"
	ProjectSection(SolutionItems) = preProject
		paket.dependencies = paket.dependencies
		paket.lock = paket.lock
		paket.references = paket.references
	EndProjectSection
EndProject
Project("{2150E333-8FDC-42A3-9474-1A3956D46DE8}") = "docs", "docs", "{A6A6AF7D-D6E3-442D-9B1E-58CC91879BE1}"
EndProject
Project("{6EC3EE1D-3C4E-46DD-8F32-0CC8E7565705}") = "FSharp.Plotly", "src\FSharp.Plotly\FSharp.Plotly.fsproj", "{F635BEEF-9609-4485-8C72-D8090A5F40A2}"
EndProject
Project("{2150E333-8FDC-42A3-9474-1A3956D46DE8}") = "project", "project", "{BF60BC93-E09B-4E5F-9D85-95A519479D54}"
	ProjectSection(SolutionItems) = preProject
		README.md = README.md
		RELEASE_NOTES.md = RELEASE_NOTES.md
	EndProjectSection
EndProject
Project("{2150E333-8FDC-42A3-9474-1A3956D46DE8}") = "tools", "tools", "{83F16175-43B1-4C90-A1EE-8E351C33435D}"
	ProjectSection(SolutionItems) = preProject
		docsrc\tools\generate.fsx = docsrc\tools\generate.fsx
		docsrc\tools\templates\template.cshtml = docsrc\tools\templates\template.cshtml
	EndProjectSection
EndProject
Project("{2150E333-8FDC-42A3-9474-1A3956D46DE8}") = "content", "content", "{8E6D5255-776D-4B61-85F9-73C37AA1FB9A}"
	ProjectSection(SolutionItems) = preProject
		docs\content\2d-histograms.fsx = docs\content\2d-histograms.fsx
		docs\content\3d-line-plots.fsx = docs\content\3d-line-plots.fsx
		docs\content\3d-mesh-plots.fsx = docs\content\3d-mesh-plots.fsx
		docs\content\3d-scatter-plots.fsx = docs\content\3d-scatter-plots.fsx
		docs\content\3d-surface-plots.fsx = docs\content\3d-surface-plots.fsx
		docs\content\area-plots.fsx = docs\content\area-plots.fsx
		docs\content\bar-charts.fsx = docs\content\bar-charts.fsx
		docs\content\box-plots.fsx = docs\content\box-plots.fsx
		docs\content\bubble-charts.fsx = docs\content\bubble-charts.fsx
		docs\content\choropleth-map.fsx = docs\content\choropleth-map.fsx
		docs\content\contour-plots.fsx = docs\content\contour-plots.fsx
		docs\content\errorbars.fsx = docs\content\errorbars.fsx
		docs\content\extensions.fsx = docs\content\extensions.fsx
		docs\content\getting-started.fsx = docs\content\getting-started.fsx
		docs\content\heatmaps.fsx = docs\content\heatmaps.fsx
		docs\content\histograms.fsx = docs\content\histograms.fsx
		docs\content\index.fsx = docs\content\index.fsx
		docs\content\line-scatter-plots.fsx = docs\content\line-scatter-plots.fsx
		docs\content\multiple-charts.fsx = docs\content\multiple-charts.fsx
		docs\content\parallel-coords.fsx = docs\content\parallel-coords.fsx
		docs\content\pie-daughnut-charts.fsx = docs\content\pie-daughnut-charts.fsx
		docs\content\plotly-wpf.fsx = docs\content\plotly-wpf.fsx
		docs\content\polar-charts.fsx = docs\content\polar-charts.fsx
		docs\content\range-plots.fsx = docs\content\range-plots.fsx
		docs\content\shapes.fsx = docs\content\shapes.fsx
		docs\content\violin-plots.fsx = docs\content\violin-plots.fsx
		docs\content\windrose-charts.fsx = docs\content\windrose-charts.fsx
	EndProjectSection
EndProject
Project("{2150E333-8FDC-42A3-9474-1A3956D46DE8}") = "tests", "tests", "{ED8079DD-2B06-4030-9F0F-DC548F98E1C4}"
EndProject
Project("{6EC3EE1D-3C4E-46DD-8F32-0CC8E7565705}") = "FSharp.Plotly.Tests", "tests\FSharp.Plotly.Tests\FSharp.Plotly.Tests.fsproj", "{82EEB69B-361E-486E-9F54-D346A8C76CC9}"
EndProject
Project("{2150E333-8FDC-42A3-9474-1A3956D46DE8}") = "git", "git", "{078A9C52-DDC1-46F4-9235-9E6C89C87AFD}"
	ProjectSection(SolutionItems) = preProject
		.gitattributes = .gitattributes
		.gitignore = .gitignore
	EndProjectSection
EndProject
Project("{2150E333-8FDC-42A3-9474-1A3956D46DE8}") = ".build", ".build", "{7C6D08E7-3EAC-4335-8F4B-252C193C27C9}"
	ProjectSection(SolutionItems) = preProject
		.travis.yml = .travis.yml
		appveyor.yml = appveyor.yml
		build.cmd = build.cmd
		build.fsx = build.fsx
		build.proj = build.proj
		build.sh = build.sh
	EndProjectSection
EndProject
Project("{6EC3EE1D-3C4E-46DD-8F32-0CC8E7565705}") = "FSharp.Plotly.WPF", "src\FSharp.Plotly.WPF\FSharp.Plotly.WPF.fsproj", "{B88586CA-044D-4D65-AB51-A7339C83D42F}"
EndProject
Global
	GlobalSection(SolutionConfigurationPlatforms) = preSolution
		Debug|Any CPU = Debug|Any CPU
		Release|Any CPU = Release|Any CPU
	EndGlobalSection
	GlobalSection(ProjectConfigurationPlatforms) = postSolution
		{F635BEEF-9609-4485-8C72-D8090A5F40A2}.Debug|Any CPU.ActiveCfg = Debug|Any CPU
		{F635BEEF-9609-4485-8C72-D8090A5F40A2}.Debug|Any CPU.Build.0 = Debug|Any CPU
		{F635BEEF-9609-4485-8C72-D8090A5F40A2}.Release|Any CPU.ActiveCfg = Release|Any CPU
		{F635BEEF-9609-4485-8C72-D8090A5F40A2}.Release|Any CPU.Build.0 = Release|Any CPU
		{82EEB69B-361E-486E-9F54-D346A8C76CC9}.Debug|Any CPU.ActiveCfg = Debug|Any CPU
		{82EEB69B-361E-486E-9F54-D346A8C76CC9}.Debug|Any CPU.Build.0 = Debug|Any CPU
		{82EEB69B-361E-486E-9F54-D346A8C76CC9}.Release|Any CPU.ActiveCfg = Release|Any CPU
		{82EEB69B-361E-486E-9F54-D346A8C76CC9}.Release|Any CPU.Build.0 = Release|Any CPU
		{B88586CA-044D-4D65-AB51-A7339C83D42F}.Debug|Any CPU.ActiveCfg = Debug|Any CPU
		{B88586CA-044D-4D65-AB51-A7339C83D42F}.Debug|Any CPU.Build.0 = Debug|Any CPU
		{B88586CA-044D-4D65-AB51-A7339C83D42F}.Release|Any CPU.ActiveCfg = Release|Any CPU
		{B88586CA-044D-4D65-AB51-A7339C83D42F}.Release|Any CPU.Build.0 = Release|Any CPU
	EndGlobalSection
	GlobalSection(SolutionProperties) = preSolution
		HideSolutionNode = FALSE
	EndGlobalSection
	GlobalSection(NestedProjects) = preSolution
		{83F16175-43B1-4C90-A1EE-8E351C33435D} = {A6A6AF7D-D6E3-442D-9B1E-58CC91879BE1}
		{8E6D5255-776D-4B61-85F9-73C37AA1FB9A} = {A6A6AF7D-D6E3-442D-9B1E-58CC91879BE1}
		{82EEB69B-361E-486E-9F54-D346A8C76CC9} = {ED8079DD-2B06-4030-9F0F-DC548F98E1C4}
	EndGlobalSection
	GlobalSection(ExtensibilityGlobals) = postSolution
		SolutionGuid = {7177F1E1-341C-48AB-9864-6B525FFF7633}
	EndGlobalSection
EndGlobal
