
Microsoft Visual Studio Solution File, Format Version 12.00
# Visual Studio Version 17
VisualStudioVersion = 17.0.31903.59
MinimumVisualStudioVersion = 10.0.40219.1
Project("{2150E333-8FDC-42A3-9474-1A3956D46DE8}") = "project", "project", "{BF60BC93-E09B-4E5F-9D85-95A519479D54}"
	ProjectSection(SolutionItems) = preProject
		.editorconfig = .editorconfig
		CITATION.cff = CITATION.cff
		.config\dotnet-tools.json = .config\dotnet-tools.json
		key.snk = key.snk
		LICENSE = LICENSE
		README.md = README.md
		RELEASE_NOTES.md = RELEASE_NOTES.md
	EndProjectSection
EndProject
Project("{2150E333-8FDC-42A3-9474-1A3956D46DE8}") = "git", "git", "{078A9C52-DDC1-46F4-9235-9E6C89C87AFD}"
	ProjectSection(SolutionItems) = preProject
		.gitattributes = .gitattributes
		.gitignore = .gitignore
	EndProjectSection
EndProject
Project("{2150E333-8FDC-42A3-9474-1A3956D46DE8}") = "build", "build", "{7C6D08E7-3EAC-4335-8F4B-252C193C27C9}"
	ProjectSection(SolutionItems) = preProject
		build.cmd = build.cmd
		build.sh = build.sh
		global.json = global.json
	EndProjectSection
EndProject
Project("{6EC3EE1D-3C4E-46DD-8F32-0CC8E7565705}") = "Plotly.NET", "src\Plotly.NET\Plotly.NET.fsproj", "{DFAC135B-36B8-4347-B1DD-B5E0144610C2}"
EndProject
Project("{2150E333-8FDC-42A3-9474-1A3956D46DE8}") = ".ci", ".ci", "{2461AFBF-6E10-4F7B-A0EA-3D62541C2EB1}"
	ProjectSection(SolutionItems) = preProject
		.github\workflows\build-and-test.yml = .github\workflows\build-and-test.yml
	EndProjectSection
EndProject
Project("{6EC3EE1D-3C4E-46DD-8F32-0CC8E7565705}") = "Plotly.NET.Interactive", "src\Plotly.NET.Interactive\Plotly.NET.Interactive.fsproj", "{0F135E3B-B0E1-42A9-B180-18C0221DC7B8}"
EndProject
Project("{2150E333-8FDC-42A3-9474-1A3956D46DE8}") = "docs", "docs", "{7B09CC0A-F1E1-4094-9DE4-B047581E01F0}"
	ProjectSection(SolutionItems) = preProject
		docs\404.fsx.txt = docs\404.fsx.txt
		docs\Dockerfile = docs\Dockerfile
		docs\index.fsx = docs\index.fsx
		docs\NuGet.config = docs\NuGet.config
		docs\_head.html = docs\_head.html
		docs\_template.ipynb = docs\_template.ipynb
	EndProjectSection
EndProject
Project("{2150E333-8FDC-42A3-9474-1A3956D46DE8}") = "reference", "reference", "{5219BAC7-ACE6-435F-A983-BC63DD7B745E}"
EndProject
Project("{2150E333-8FDC-42A3-9474-1A3956D46DE8}") = "content", "content", "{60FB82C0-F472-494E-BCF7-7B3C54212406}"
	ProjectSection(SolutionItems) = preProject
		docs\content\fsdocs-custom.css = docs\content\fsdocs-custom.css
	EndProjectSection
EndProject
Project("{2150E333-8FDC-42A3-9474-1A3956D46DE8}") = "img", "img", "{CDB973F2-0F60-4ADB-84A8-924AFA8B6D49}"
	ProjectSection(SolutionItems) = preProject
		docs\img\favicon.ico = docs\img\favicon.ico
		docs\img\logo.png = docs\img\logo.png
	EndProjectSection
EndProject
Project("{6EC3EE1D-3C4E-46DD-8F32-0CC8E7565705}") = "Plotly.NET.ImageExport", "src\Plotly.NET.ImageExport\Plotly.NET.ImageExport.fsproj", "{6CFC629E-1A0C-4EF3-8495-BA00A356A381}"
EndProject
Project("{2150E333-8FDC-42A3-9474-1A3956D46DE8}") = "src", "src", "{0E87E47E-9EDC-4525-AF72-F0E139D54236}"
EndProject
Project("{2150E333-8FDC-42A3-9474-1A3956D46DE8}") = "tests", "tests", "{EAE25A1F-86FC-426B-803F-1006D1AD06A8}"
	ProjectSection(SolutionItems) = preProject
		tests\README.md = tests\README.md
	EndProjectSection
EndProject
Project("{6EC3EE1D-3C4E-46DD-8F32-0CC8E7565705}") = "build", "build\build.fsproj", "{403785C9-B5B1-4BA4-9944-A0F9D5D1B3CD}"
EndProject
Project("{9A19103F-16F7-4668-BE54-9A1E7A4F7556}") = "Plotly.NET.CSharp", "src\Plotly.NET.CSharp\Plotly.NET.CSharp.csproj", "{F944FE69-F4A5-4B48-8E4D-BE4B61E92B26}"
EndProject
Project("{2150E333-8FDC-42A3-9474-1A3956D46DE8}") = "CoreTests", "CoreTests", "{023425D8-B375-45ED-A29A-A3ED00C0E2BC}"
EndProject
Project("{2150E333-8FDC-42A3-9474-1A3956D46DE8}") = "JSTests", "JSTests", "{94E71E92-C244-4AF1-903A-DAC5448DADA5}"
EndProject
Project("{2150E333-8FDC-42A3-9474-1A3956D46DE8}") = "ExtensionLibTests", "ExtensionLibTests", "{02886FBB-DB32-4BBB-A93C-E13EBF453ACC}"
EndProject
Project("{2150E333-8FDC-42A3-9474-1A3956D46DE8}") = "ConsoleApps", "ConsoleApps", "{E8897848-2EF4-4126-9315-ADE0BA92D951}"
EndProject
Project("{9A19103F-16F7-4668-BE54-9A1E7A4F7556}") = "CSharpConsole", "tests\ConsoleApps\CSharpConsole\CSharpConsole.csproj", "{029EBCB4-0E8B-40F8-B7AA-61B814FAE5A6}"
EndProject
Project("{6EC3EE1D-3C4E-46DD-8F32-0CC8E7565705}") = "FSharpConsole", "tests\ConsoleApps\FSharpConsole\FSharpConsole.fsproj", "{598AB47B-EFE7-414A-B6EA-8C96B4AA7A4C}"
EndProject
Project("{6EC3EE1D-3C4E-46DD-8F32-0CC8E7565705}") = "CoreTests", "tests\CoreTests\CoreTests\CoreTests.fsproj", "{DA7BC908-7DC9-4BA7-8100-17D3FD2901EA}"
EndProject
Project("{9A19103F-16F7-4668-BE54-9A1E7A4F7556}") = "CSharpInteroperabilityTests", "tests\CoreTests\CSharpInteroperabilityTests\CSharpInteroperabilityTests.csproj", "{C10C0225-FBBA-4E3C-99FD-FA4A2BCBB3B1}"
EndProject
Project("{6EC3EE1D-3C4E-46DD-8F32-0CC8E7565705}") = "StrongNameTests", "tests\CoreTests\StrongNameTests\StrongNameTests.fsproj", "{32E187BB-D1D4-4864-A021-55A7A08E17EC}"
EndProject
Project("{6EC3EE1D-3C4E-46DD-8F32-0CC8E7565705}") = "ImageExportTests", "tests\ExtensionLibsTests\ImageExportTests\ImageExportTests.fsproj", "{A3693DD1-4D34-4B10-B310-07A4C7433F7D}"
EndProject
Project("{9A19103F-16F7-4668-BE54-9A1E7A4F7556}") = "CSharpTests", "tests\ExtensionLibsTests\CSharpTests\CSharpTests.csproj", "{1170E3A9-D83E-40B0-8D51-20485C76BE88}"
EndProject
Project("{2150E333-8FDC-42A3-9474-1A3956D46DE8}") = "Common", "Common", "{6CFE1FBD-0999-4704-9F79-8A3D31580477}"
EndProject
Project("{9A19103F-16F7-4668-BE54-9A1E7A4F7556}") = "CSharpTestBase", "tests\Common\CSharpTestBase\CSharpTestBase.csproj", "{9B73CE85-9F85-42DB-8CEC-7A49B70189ED}"
EndProject
Project("{6EC3EE1D-3C4E-46DD-8F32-0CC8E7565705}") = "FSharpTestBase", "tests\Common\FSharpTestBase\FSharpTestBase.fsproj", "{18F778B2-3409-4309-8C9B-596109072481}"
EndProject
Project("{2150E333-8FDC-42A3-9474-1A3956D46DE8}") = "02_simple-charts", "02_simple-charts", "{72F32BE1-D22B-49F9-AC20-47EE94EA7B95}"
	ProjectSection(SolutionItems) = preProject
		docs\simple-charts\area-plots.fsx = docs\simple-charts\area-plots.fsx
		docs\simple-charts\bar-and-column-charts.fsx = docs\simple-charts\bar-and-column-charts.fsx
		docs\simple-charts\bubble-charts.fsx = docs\simple-charts\bubble-charts.fsx
		docs\simple-charts\heatmaps.fsx = docs\simple-charts\heatmaps.fsx
		docs\simple-charts\images.fsx = docs\simple-charts\images.fsx
		docs\simple-charts\line-scatter-plots.fsx = docs\simple-charts\line-scatter-plots.fsx
		docs\simple-charts\multicategory.fsx = docs\simple-charts\multicategory.fsx
		docs\simple-charts\pie-doughnut-charts.fsx = docs\simple-charts\pie-doughnut-charts.fsx
		docs\simple-charts\range-plots.fsx = docs\simple-charts\range-plots.fsx
		docs\simple-charts\table.fsx = docs\simple-charts\table.fsx
	EndProjectSection
EndProject
Project("{2150E333-8FDC-42A3-9474-1A3956D46DE8}") = "03_3D-charts", "03_3D-charts", "{A731D91F-56BB-4A68-8AB2-857E3BC28E2F}"
	ProjectSection(SolutionItems) = preProject
		docs\3D-charts\3d-cone-charts.fsx = docs\3D-charts\3d-cone-charts.fsx
		docs\3D-charts\3d-mesh-plots.fsx = docs\3D-charts\3d-mesh-plots.fsx
		docs\3D-charts\3d-scatter-plots.fsx = docs\3D-charts\3d-scatter-plots.fsx
		docs\3D-charts\3d-streamtube-plots.fsx = docs\3D-charts\3d-streamtube-plots.fsx
		docs\3D-charts\3d-surface-plots.fsx = docs\3D-charts\3d-surface-plots.fsx
		docs\3D-charts\3d-volume-plots.fsx = docs\3D-charts\3d-volume-plots.fsx
	EndProjectSection
EndProject
Project("{2150E333-8FDC-42A3-9474-1A3956D46DE8}") = "11_carpet-charts", "11_carpet-charts", "{2107C818-7626-4F2C-8D8C-640BA3AC73E7}"
	ProjectSection(SolutionItems) = preProject
		docs\carpet-charts\carpet_line_scatter_plots.fsx = docs\carpet-charts\carpet_line_scatter_plots.fsx
		docs\carpet-charts\contourcarpet_plots.fsx = docs\carpet-charts\contourcarpet_plots.fsx
	EndProjectSection
EndProject
Project("{2150E333-8FDC-42A3-9474-1A3956D46DE8}") = "src", "src", "{A9025690-FABC-4BD3-AC94-F31B60A948B4}"
EndProject
Project("{2150E333-8FDC-42A3-9474-1A3956D46DE8}") = "04_distribution-charts", "04_distribution-charts", "{F1E45BDD-4538-45DE-BB9F-D13589920741}"
	ProjectSection(SolutionItems) = preProject
		docs\distribution-charts\2d-histograms.fsx = docs\distribution-charts\2d-histograms.fsx
		docs\distribution-charts\box-plots.fsx = docs\distribution-charts\box-plots.fsx
		docs\distribution-charts\contour-plots.fsx = docs\distribution-charts\contour-plots.fsx
		docs\distribution-charts\histograms.fsx = docs\distribution-charts\histograms.fsx
		docs\distribution-charts\pareto-chart.fsx = docs\distribution-charts\pareto-chart.fsx
		docs\distribution-charts\point-density.fsx = docs\distribution-charts\point-density.fsx
		docs\distribution-charts\splom.fsx = docs\distribution-charts\splom.fsx
		docs\distribution-charts\violin-plots.fsx = docs\distribution-charts\violin-plots.fsx
	EndProjectSection
EndProject
Project("{2150E333-8FDC-42A3-9474-1A3956D46DE8}") = "01_chart-layout", "01_chart-layout", "{C7D0EF67-9A18-49DD-AC79-944E384BD8D0}"
	ProjectSection(SolutionItems) = preProject
		docs\chart-layout\annotations.fsx = docs\chart-layout\annotations.fsx
		docs\chart-layout\axis-styling.fsx = docs\chart-layout\axis-styling.fsx
		docs\chart-layout\errorbars.fsx = docs\chart-layout\errorbars.fsx
		docs\chart-layout\layout_images.fsx = docs\chart-layout\layout_images.fsx
		docs\chart-layout\legends.fsx = docs\chart-layout\legends.fsx
		docs\chart-layout\multiple-charts.fsx = docs\chart-layout\multiple-charts.fsx
		docs\chart-layout\shapes.fsx = docs\chart-layout\shapes.fsx
		docs\chart-layout\sliders.fsx = docs\chart-layout\sliders.fsx
		docs\chart-layout\update_menus.fsx = docs\chart-layout\update_menus.fsx
	EndProjectSection
EndProject
Project("{2150E333-8FDC-42A3-9474-1A3956D46DE8}") = "09_categorical-charts", "09_categorical-charts", "{5CF8B13D-1FDA-4CE2-8E94-D4CCF3C2FF7E}"
	ProjectSection(SolutionItems) = preProject
		docs\categorical-charts\icicle.fsx = docs\categorical-charts\icicle.fsx
		docs\categorical-charts\parallel-categories.fsx = docs\categorical-charts\parallel-categories.fsx
		docs\categorical-charts\parallel-coords.fsx = docs\categorical-charts\parallel-coords.fsx
		docs\categorical-charts\sankey.fsx = docs\categorical-charts\sankey.fsx
		docs\categorical-charts\sunburst.fsx = docs\categorical-charts\sunburst.fsx
		docs\categorical-charts\treemap.fsx = docs\categorical-charts\treemap.fsx
	EndProjectSection
EndProject
Project("{2150E333-8FDC-42A3-9474-1A3956D46DE8}") = "00_general", "00_general", "{1DC28919-9EA4-4C4F-8498-0F8F6ED310AB}"
	ProjectSection(SolutionItems) = preProject
		docs\general\basics.fsx = docs\general\basics.fsx
		docs\general\chart-config.fsx = docs\general\chart-config.fsx
		docs\general\defaults.fsx = docs\general\defaults.fsx
		docs\general\display-options.fsx = docs\general\display-options.fsx
		docs\general\image-export.fsx = docs\general\image-export.fsx
		docs\general\multi-arguments.fsx = docs\general\multi-arguments.fsx
		docs\general\styling-markers.fsx = docs\general\styling-markers.fsx
		docs\general\templates.fsx = docs\general\templates.fsx
		docs\general\working-with-colors.fsx = docs\general\working-with-colors.fsx
	EndProjectSection
EndProject
Project("{2150E333-8FDC-42A3-9474-1A3956D46DE8}") = "07_finance-charts", "07_finance-charts", "{4F46C723-889A-45F7-977C-60146455B6AA}"
	ProjectSection(SolutionItems) = preProject
		docs\finance-charts\candlestick.fsx = docs\finance-charts\candlestick.fsx
		docs\finance-charts\funnel.fsx = docs\finance-charts\funnel.fsx
		docs\finance-charts\funnel_area.fsx = docs\finance-charts\funnel_area.fsx
		docs\finance-charts\indicator.fsx = docs\finance-charts\indicator.fsx
		docs\finance-charts\ohlc.fsx = docs\finance-charts\ohlc.fsx
		docs\finance-charts\waterfall.fsx = docs\finance-charts\waterfall.fsx
	EndProjectSection
EndProject
Project("{2150E333-8FDC-42A3-9474-1A3956D46DE8}") = "05_geo-map-charts", "05_geo-map-charts", "{A872A11A-9459-42A9-8B14-0195B66D121F}"
	ProjectSection(SolutionItems) = preProject
		docs\geo-map-charts\choropleth-map.fsx = docs\geo-map-charts\choropleth-map.fsx
		docs\geo-map-charts\geo-plots.fsx = docs\geo-map-charts\geo-plots.fsx
		docs\geo-map-charts\geo-vs-mapbox.fsx = docs\geo-map-charts\geo-vs-mapbox.fsx
	EndProjectSection
EndProject
Project("{2150E333-8FDC-42A3-9474-1A3956D46DE8}") = "06_mapbox-map-charts", "06_mapbox-map-charts", "{722ED5DC-FF5E-44C1-A91B-2D094B92B3DA}"
	ProjectSection(SolutionItems) = preProject
		docs\mapbox-map-charts\choropleth-mapbox.fsx = docs\mapbox-map-charts\choropleth-mapbox.fsx
		docs\mapbox-map-charts\density-mapbox.fsx = docs\mapbox-map-charts\density-mapbox.fsx
		docs\mapbox-map-charts\geo-vs-mapbox.fsx = docs\mapbox-map-charts\geo-vs-mapbox.fsx
		docs\mapbox-map-charts\mapbox-plots.fsx = docs\mapbox-map-charts\mapbox-plots.fsx
	EndProjectSection
EndProject
Project("{2150E333-8FDC-42A3-9474-1A3956D46DE8}") = "12_smith-charts", "12_smith-charts", "{D36E0ABA-B89C-42D9-A2AD-CFA1B3D1E08A}"
	ProjectSection(SolutionItems) = preProject
		docs\smith-charts\smith_line_scatter_plots.fsx = docs\smith-charts\smith_line_scatter_plots.fsx
	EndProjectSection
EndProject
Project("{2150E333-8FDC-42A3-9474-1A3956D46DE8}") = "08_polar-charts", "08_polar-charts", "{7432D5ED-0D0D-4F15-A3AC-CC2BFA4F211F}"
	ProjectSection(SolutionItems) = preProject
		docs\polar-charts\polar_bar_charts.fsx = docs\polar-charts\polar_bar_charts.fsx
		docs\polar-charts\polar_line-scatter-plots.fsx = docs\polar-charts\polar_line-scatter-plots.fsx
		docs\polar-charts\styling_polar_layouts.fsx = docs\polar-charts\styling_polar_layouts.fsx
	EndProjectSection
EndProject
Project("{2150E333-8FDC-42A3-9474-1A3956D46DE8}") = "10_ternary-charts", "10_ternary-charts", "{2DF92AB2-7B8C-48D5-B779-26BA1F31BCA1}"
	ProjectSection(SolutionItems) = preProject
		docs\ternary-charts\styling_ternary_layouts.fsx = docs\ternary-charts\styling_ternary_layouts.fsx
		docs\ternary-charts\ternary_line_scatter_plots.fsx = docs\ternary-charts\ternary_line_scatter_plots.fsx
	EndProjectSection
EndProject
Project("{2150E333-8FDC-42A3-9474-1A3956D46DE8}") = "data", "data", "{0D955C86-2E86-4D50-828A-6CF5AD99A119}"
	ProjectSection(SolutionItems) = preProject
		docs\data\2011_february_aa_flight_paths.csv = docs\data\2011_february_aa_flight_paths.csv
		docs\data\fips-unemp-16.csv = docs\data\fips-unemp-16.csv
		docs\data\geojson-counties-fips.json = docs\data\geojson-counties-fips.json
		docs\data\iris.csv = docs\data\iris.csv
		docs\data\streamtube-wind.csv = docs\data\streamtube-wind.csv
		docs\data\volcano.csv = docs\data\volcano.csv
	EndProjectSection
EndProject
Global
	GlobalSection(SolutionConfigurationPlatforms) = preSolution
		Debug|Any CPU = Debug|Any CPU
		Dotnet|Any CPU = Dotnet|Any CPU
		Release|Any CPU = Release|Any CPU
	EndGlobalSection
	GlobalSection(ProjectConfigurationPlatforms) = postSolution
		{DFAC135B-36B8-4347-B1DD-B5E0144610C2}.Debug|Any CPU.ActiveCfg = Debug|Any CPU
		{DFAC135B-36B8-4347-B1DD-B5E0144610C2}.Debug|Any CPU.Build.0 = Debug|Any CPU
		{DFAC135B-36B8-4347-B1DD-B5E0144610C2}.Dotnet|Any CPU.ActiveCfg = Dotnet|Any CPU
		{DFAC135B-36B8-4347-B1DD-B5E0144610C2}.Dotnet|Any CPU.Build.0 = Dotnet|Any CPU
		{DFAC135B-36B8-4347-B1DD-B5E0144610C2}.Release|Any CPU.ActiveCfg = Release|Any CPU
		{DFAC135B-36B8-4347-B1DD-B5E0144610C2}.Release|Any CPU.Build.0 = Release|Any CPU
		{0F135E3B-B0E1-42A9-B180-18C0221DC7B8}.Debug|Any CPU.ActiveCfg = Debug|Any CPU
		{0F135E3B-B0E1-42A9-B180-18C0221DC7B8}.Debug|Any CPU.Build.0 = Debug|Any CPU
		{0F135E3B-B0E1-42A9-B180-18C0221DC7B8}.Dotnet|Any CPU.ActiveCfg = Debug|Any CPU
		{0F135E3B-B0E1-42A9-B180-18C0221DC7B8}.Dotnet|Any CPU.Build.0 = Debug|Any CPU
		{0F135E3B-B0E1-42A9-B180-18C0221DC7B8}.Release|Any CPU.ActiveCfg = Release|Any CPU
		{0F135E3B-B0E1-42A9-B180-18C0221DC7B8}.Release|Any CPU.Build.0 = Release|Any CPU
		{6CFC629E-1A0C-4EF3-8495-BA00A356A381}.Debug|Any CPU.ActiveCfg = Debug|Any CPU
		{6CFC629E-1A0C-4EF3-8495-BA00A356A381}.Debug|Any CPU.Build.0 = Debug|Any CPU
		{6CFC629E-1A0C-4EF3-8495-BA00A356A381}.Dotnet|Any CPU.ActiveCfg = Debug|Any CPU
		{6CFC629E-1A0C-4EF3-8495-BA00A356A381}.Dotnet|Any CPU.Build.0 = Debug|Any CPU
		{6CFC629E-1A0C-4EF3-8495-BA00A356A381}.Release|Any CPU.ActiveCfg = Release|Any CPU
		{6CFC629E-1A0C-4EF3-8495-BA00A356A381}.Release|Any CPU.Build.0 = Release|Any CPU
		{403785C9-B5B1-4BA4-9944-A0F9D5D1B3CD}.Debug|Any CPU.ActiveCfg = Debug|Any CPU
		{403785C9-B5B1-4BA4-9944-A0F9D5D1B3CD}.Debug|Any CPU.Build.0 = Debug|Any CPU
		{403785C9-B5B1-4BA4-9944-A0F9D5D1B3CD}.Dotnet|Any CPU.ActiveCfg = Debug|Any CPU
		{403785C9-B5B1-4BA4-9944-A0F9D5D1B3CD}.Dotnet|Any CPU.Build.0 = Debug|Any CPU
		{403785C9-B5B1-4BA4-9944-A0F9D5D1B3CD}.Release|Any CPU.ActiveCfg = Release|Any CPU
		{403785C9-B5B1-4BA4-9944-A0F9D5D1B3CD}.Release|Any CPU.Build.0 = Release|Any CPU
		{F944FE69-F4A5-4B48-8E4D-BE4B61E92B26}.Debug|Any CPU.ActiveCfg = Debug|Any CPU
		{F944FE69-F4A5-4B48-8E4D-BE4B61E92B26}.Debug|Any CPU.Build.0 = Debug|Any CPU
		{F944FE69-F4A5-4B48-8E4D-BE4B61E92B26}.Dotnet|Any CPU.ActiveCfg = Debug|Any CPU
		{F944FE69-F4A5-4B48-8E4D-BE4B61E92B26}.Dotnet|Any CPU.Build.0 = Debug|Any CPU
		{F944FE69-F4A5-4B48-8E4D-BE4B61E92B26}.Release|Any CPU.ActiveCfg = Release|Any CPU
		{F944FE69-F4A5-4B48-8E4D-BE4B61E92B26}.Release|Any CPU.Build.0 = Release|Any CPU
		{029EBCB4-0E8B-40F8-B7AA-61B814FAE5A6}.Debug|Any CPU.ActiveCfg = Debug|Any CPU
		{029EBCB4-0E8B-40F8-B7AA-61B814FAE5A6}.Debug|Any CPU.Build.0 = Debug|Any CPU
		{029EBCB4-0E8B-40F8-B7AA-61B814FAE5A6}.Dotnet|Any CPU.ActiveCfg = Debug|Any CPU
		{029EBCB4-0E8B-40F8-B7AA-61B814FAE5A6}.Dotnet|Any CPU.Build.0 = Debug|Any CPU
		{029EBCB4-0E8B-40F8-B7AA-61B814FAE5A6}.Release|Any CPU.ActiveCfg = Release|Any CPU
		{029EBCB4-0E8B-40F8-B7AA-61B814FAE5A6}.Release|Any CPU.Build.0 = Release|Any CPU
		{598AB47B-EFE7-414A-B6EA-8C96B4AA7A4C}.Debug|Any CPU.ActiveCfg = Debug|Any CPU
		{598AB47B-EFE7-414A-B6EA-8C96B4AA7A4C}.Debug|Any CPU.Build.0 = Debug|Any CPU
		{598AB47B-EFE7-414A-B6EA-8C96B4AA7A4C}.Dotnet|Any CPU.ActiveCfg = Debug|Any CPU
		{598AB47B-EFE7-414A-B6EA-8C96B4AA7A4C}.Dotnet|Any CPU.Build.0 = Debug|Any CPU
		{598AB47B-EFE7-414A-B6EA-8C96B4AA7A4C}.Release|Any CPU.ActiveCfg = Release|Any CPU
		{598AB47B-EFE7-414A-B6EA-8C96B4AA7A4C}.Release|Any CPU.Build.0 = Release|Any CPU
		{DA7BC908-7DC9-4BA7-8100-17D3FD2901EA}.Debug|Any CPU.ActiveCfg = Debug|Any CPU
		{DA7BC908-7DC9-4BA7-8100-17D3FD2901EA}.Debug|Any CPU.Build.0 = Debug|Any CPU
		{DA7BC908-7DC9-4BA7-8100-17D3FD2901EA}.Dotnet|Any CPU.ActiveCfg = Debug|Any CPU
		{DA7BC908-7DC9-4BA7-8100-17D3FD2901EA}.Dotnet|Any CPU.Build.0 = Debug|Any CPU
		{DA7BC908-7DC9-4BA7-8100-17D3FD2901EA}.Release|Any CPU.ActiveCfg = Release|Any CPU
		{DA7BC908-7DC9-4BA7-8100-17D3FD2901EA}.Release|Any CPU.Build.0 = Release|Any CPU
		{C10C0225-FBBA-4E3C-99FD-FA4A2BCBB3B1}.Debug|Any CPU.ActiveCfg = Debug|Any CPU
		{C10C0225-FBBA-4E3C-99FD-FA4A2BCBB3B1}.Debug|Any CPU.Build.0 = Debug|Any CPU
		{C10C0225-FBBA-4E3C-99FD-FA4A2BCBB3B1}.Dotnet|Any CPU.ActiveCfg = Debug|Any CPU
		{C10C0225-FBBA-4E3C-99FD-FA4A2BCBB3B1}.Dotnet|Any CPU.Build.0 = Debug|Any CPU
		{C10C0225-FBBA-4E3C-99FD-FA4A2BCBB3B1}.Release|Any CPU.ActiveCfg = Release|Any CPU
		{C10C0225-FBBA-4E3C-99FD-FA4A2BCBB3B1}.Release|Any CPU.Build.0 = Release|Any CPU
		{32E187BB-D1D4-4864-A021-55A7A08E17EC}.Debug|Any CPU.ActiveCfg = Debug|Any CPU
		{32E187BB-D1D4-4864-A021-55A7A08E17EC}.Debug|Any CPU.Build.0 = Debug|Any CPU
		{32E187BB-D1D4-4864-A021-55A7A08E17EC}.Dotnet|Any CPU.ActiveCfg = Debug|Any CPU
		{32E187BB-D1D4-4864-A021-55A7A08E17EC}.Dotnet|Any CPU.Build.0 = Debug|Any CPU
		{32E187BB-D1D4-4864-A021-55A7A08E17EC}.Release|Any CPU.ActiveCfg = Release|Any CPU
		{32E187BB-D1D4-4864-A021-55A7A08E17EC}.Release|Any CPU.Build.0 = Release|Any CPU
		{A3693DD1-4D34-4B10-B310-07A4C7433F7D}.Debug|Any CPU.ActiveCfg = Debug|Any CPU
		{A3693DD1-4D34-4B10-B310-07A4C7433F7D}.Debug|Any CPU.Build.0 = Debug|Any CPU
		{A3693DD1-4D34-4B10-B310-07A4C7433F7D}.Dotnet|Any CPU.ActiveCfg = Debug|Any CPU
		{A3693DD1-4D34-4B10-B310-07A4C7433F7D}.Dotnet|Any CPU.Build.0 = Debug|Any CPU
		{A3693DD1-4D34-4B10-B310-07A4C7433F7D}.Release|Any CPU.ActiveCfg = Release|Any CPU
		{A3693DD1-4D34-4B10-B310-07A4C7433F7D}.Release|Any CPU.Build.0 = Release|Any CPU
		{1170E3A9-D83E-40B0-8D51-20485C76BE88}.Debug|Any CPU.ActiveCfg = Debug|Any CPU
		{1170E3A9-D83E-40B0-8D51-20485C76BE88}.Debug|Any CPU.Build.0 = Debug|Any CPU
		{1170E3A9-D83E-40B0-8D51-20485C76BE88}.Dotnet|Any CPU.ActiveCfg = Debug|Any CPU
		{1170E3A9-D83E-40B0-8D51-20485C76BE88}.Dotnet|Any CPU.Build.0 = Debug|Any CPU
		{1170E3A9-D83E-40B0-8D51-20485C76BE88}.Release|Any CPU.ActiveCfg = Release|Any CPU
		{1170E3A9-D83E-40B0-8D51-20485C76BE88}.Release|Any CPU.Build.0 = Release|Any CPU
		{9B73CE85-9F85-42DB-8CEC-7A49B70189ED}.Debug|Any CPU.ActiveCfg = Debug|Any CPU
		{9B73CE85-9F85-42DB-8CEC-7A49B70189ED}.Debug|Any CPU.Build.0 = Debug|Any CPU
		{9B73CE85-9F85-42DB-8CEC-7A49B70189ED}.Dotnet|Any CPU.ActiveCfg = Debug|Any CPU
		{9B73CE85-9F85-42DB-8CEC-7A49B70189ED}.Dotnet|Any CPU.Build.0 = Debug|Any CPU
		{9B73CE85-9F85-42DB-8CEC-7A49B70189ED}.Release|Any CPU.ActiveCfg = Release|Any CPU
		{9B73CE85-9F85-42DB-8CEC-7A49B70189ED}.Release|Any CPU.Build.0 = Release|Any CPU
		{18F778B2-3409-4309-8C9B-596109072481}.Debug|Any CPU.ActiveCfg = Debug|Any CPU
		{18F778B2-3409-4309-8C9B-596109072481}.Debug|Any CPU.Build.0 = Debug|Any CPU
		{18F778B2-3409-4309-8C9B-596109072481}.Dotnet|Any CPU.ActiveCfg = Debug|Any CPU
		{18F778B2-3409-4309-8C9B-596109072481}.Dotnet|Any CPU.Build.0 = Debug|Any CPU
		{18F778B2-3409-4309-8C9B-596109072481}.Release|Any CPU.ActiveCfg = Release|Any CPU
		{18F778B2-3409-4309-8C9B-596109072481}.Release|Any CPU.Build.0 = Release|Any CPU
	EndGlobalSection
	GlobalSection(SolutionProperties) = preSolution
		HideSolutionNode = FALSE
	EndGlobalSection
	GlobalSection(NestedProjects) = preSolution
		{DFAC135B-36B8-4347-B1DD-B5E0144610C2} = {0E87E47E-9EDC-4525-AF72-F0E139D54236}
		{0F135E3B-B0E1-42A9-B180-18C0221DC7B8} = {0E87E47E-9EDC-4525-AF72-F0E139D54236}
		{5219BAC7-ACE6-435F-A983-BC63DD7B745E} = {7B09CC0A-F1E1-4094-9DE4-B047581E01F0}
		{60FB82C0-F472-494E-BCF7-7B3C54212406} = {7B09CC0A-F1E1-4094-9DE4-B047581E01F0}
		{CDB973F2-0F60-4ADB-84A8-924AFA8B6D49} = {7B09CC0A-F1E1-4094-9DE4-B047581E01F0}
		{6CFC629E-1A0C-4EF3-8495-BA00A356A381} = {0E87E47E-9EDC-4525-AF72-F0E139D54236}
		{403785C9-B5B1-4BA4-9944-A0F9D5D1B3CD} = {7C6D08E7-3EAC-4335-8F4B-252C193C27C9}
		{F944FE69-F4A5-4B48-8E4D-BE4B61E92B26} = {0E87E47E-9EDC-4525-AF72-F0E139D54236}
		{023425D8-B375-45ED-A29A-A3ED00C0E2BC} = {EAE25A1F-86FC-426B-803F-1006D1AD06A8}
		{94E71E92-C244-4AF1-903A-DAC5448DADA5} = {EAE25A1F-86FC-426B-803F-1006D1AD06A8}
		{02886FBB-DB32-4BBB-A93C-E13EBF453ACC} = {EAE25A1F-86FC-426B-803F-1006D1AD06A8}
		{E8897848-2EF4-4126-9315-ADE0BA92D951} = {EAE25A1F-86FC-426B-803F-1006D1AD06A8}
		{029EBCB4-0E8B-40F8-B7AA-61B814FAE5A6} = {E8897848-2EF4-4126-9315-ADE0BA92D951}
		{598AB47B-EFE7-414A-B6EA-8C96B4AA7A4C} = {E8897848-2EF4-4126-9315-ADE0BA92D951}
		{DA7BC908-7DC9-4BA7-8100-17D3FD2901EA} = {023425D8-B375-45ED-A29A-A3ED00C0E2BC}
		{C10C0225-FBBA-4E3C-99FD-FA4A2BCBB3B1} = {023425D8-B375-45ED-A29A-A3ED00C0E2BC}
		{32E187BB-D1D4-4864-A021-55A7A08E17EC} = {023425D8-B375-45ED-A29A-A3ED00C0E2BC}
		{A3693DD1-4D34-4B10-B310-07A4C7433F7D} = {02886FBB-DB32-4BBB-A93C-E13EBF453ACC}
		{1170E3A9-D83E-40B0-8D51-20485C76BE88} = {02886FBB-DB32-4BBB-A93C-E13EBF453ACC}
		{6CFE1FBD-0999-4704-9F79-8A3D31580477} = {EAE25A1F-86FC-426B-803F-1006D1AD06A8}
		{9B73CE85-9F85-42DB-8CEC-7A49B70189ED} = {6CFE1FBD-0999-4704-9F79-8A3D31580477}
		{18F778B2-3409-4309-8C9B-596109072481} = {6CFE1FBD-0999-4704-9F79-8A3D31580477}
		{72F32BE1-D22B-49F9-AC20-47EE94EA7B95} = {A9025690-FABC-4BD3-AC94-F31B60A948B4}
		{A731D91F-56BB-4A68-8AB2-857E3BC28E2F} = {A9025690-FABC-4BD3-AC94-F31B60A948B4}
		{2107C818-7626-4F2C-8D8C-640BA3AC73E7} = {A9025690-FABC-4BD3-AC94-F31B60A948B4}
		{A9025690-FABC-4BD3-AC94-F31B60A948B4} = {7B09CC0A-F1E1-4094-9DE4-B047581E01F0}
		{F1E45BDD-4538-45DE-BB9F-D13589920741} = {A9025690-FABC-4BD3-AC94-F31B60A948B4}
		{C7D0EF67-9A18-49DD-AC79-944E384BD8D0} = {A9025690-FABC-4BD3-AC94-F31B60A948B4}
		{5CF8B13D-1FDA-4CE2-8E94-D4CCF3C2FF7E} = {A9025690-FABC-4BD3-AC94-F31B60A948B4}
		{1DC28919-9EA4-4C4F-8498-0F8F6ED310AB} = {A9025690-FABC-4BD3-AC94-F31B60A948B4}
		{4F46C723-889A-45F7-977C-60146455B6AA} = {A9025690-FABC-4BD3-AC94-F31B60A948B4}
		{A872A11A-9459-42A9-8B14-0195B66D121F} = {A9025690-FABC-4BD3-AC94-F31B60A948B4}
		{722ED5DC-FF5E-44C1-A91B-2D094B92B3DA} = {A9025690-FABC-4BD3-AC94-F31B60A948B4}
		{D36E0ABA-B89C-42D9-A2AD-CFA1B3D1E08A} = {A9025690-FABC-4BD3-AC94-F31B60A948B4}
		{7432D5ED-0D0D-4F15-A3AC-CC2BFA4F211F} = {A9025690-FABC-4BD3-AC94-F31B60A948B4}
		{2DF92AB2-7B8C-48D5-B779-26BA1F31BCA1} = {A9025690-FABC-4BD3-AC94-F31B60A948B4}
		{0D955C86-2E86-4D50-828A-6CF5AD99A119} = {7B09CC0A-F1E1-4094-9DE4-B047581E01F0}
	EndGlobalSection
	GlobalSection(ExtensibilityGlobals) = postSolution
		SolutionGuid = {7177F1E1-341C-48AB-9864-6B525FFF7633}
	EndGlobalSection
EndGlobal
