
Microsoft Visual Studio Solution File, Format Version 12.00
# Visual Studio Version 16
VisualStudioVersion = 16.0.29709.97
MinimumVisualStudioVersion = 10.0.40219.1
Project("{2150E333-8FDC-42A3-9474-1A3956D46DE8}") = ".paket", ".paket", "{63297B98-5CED-492C-A5B7-A5B4F73CF142}"
	ProjectSection(SolutionItems) = preProject
		paket.dependencies = paket.dependencies
		paket.lock = paket.lock
		paket.references = paket.references
	EndProjectSection
EndProject
Project("{2150E333-8FDC-42A3-9474-1A3956D46DE8}") = "project", "project", "{BF60BC93-E09B-4E5F-9D85-95A519479D54}"
	ProjectSection(SolutionItems) = preProject
		.config\dotnet-tools.json = .config\dotnet-tools.json
		global.json = global.json
		LICENSE = LICENSE
		README.md = README.md
		RELEASE_NOTES.md = RELEASE_NOTES.md
	EndProjectSection
EndProject
Project("{2150E333-8FDC-42A3-9474-1A3956D46DE8}") = "tools", "tools", "{83F16175-43B1-4C90-A1EE-8E351C33435D}"
	ProjectSection(SolutionItems) = preProject
		docsrc\tools\formatters.fsx = docsrc\tools\formatters.fsx
		docsrc\tools\generate.fsx = docsrc\tools\generate.fsx
		docsrc\tools\templates\template.cshtml = docsrc\tools\templates\template.cshtml
	EndProjectSection
EndProject
Project("{2150E333-8FDC-42A3-9474-1A3956D46DE8}") = "content", "content", "{8E6D5255-776D-4B61-85F9-73C37AA1FB9A}"
	ProjectSection(SolutionItems) = preProject
		docsrc\content\2d-histograms.fsx = docsrc\content\2d-histograms.fsx
		docsrc\content\3d-line-plots.fsx = docsrc\content\3d-line-plots.fsx
		docsrc\content\3d-mesh-plots.fsx = docsrc\content\3d-mesh-plots.fsx
		docsrc\content\3d-scatter-plots.fsx = docsrc\content\3d-scatter-plots.fsx
		docsrc\content\3d-surface-plots.fsx = docsrc\content\3d-surface-plots.fsx
		docsrc\content\area-plots.fsx = docsrc\content\area-plots.fsx
		docsrc\content\bar-charts.fsx = docsrc\content\bar-charts.fsx
		docsrc\content\box-plots.fsx = docsrc\content\box-plots.fsx
		docsrc\content\bubble-charts.fsx = docsrc\content\bubble-charts.fsx
		docsrc\content\candlestick.fsx = docsrc\content\candlestick.fsx
		docsrc\content\choropleth-map.fsx = docsrc\content\choropleth-map.fsx
		docsrc\content\contour-plots.fsx = docsrc\content\contour-plots.fsx
		docsrc\content\errorbars.fsx = docsrc\content\errorbars.fsx
		docsrc\content\extensions.fsx = docsrc\content\extensions.fsx
		docsrc\content\getting-started.fsx = docsrc\content\getting-started.fsx
		docsrc\content\heatmaps.fsx = docsrc\content\heatmaps.fsx
		docsrc\content\histograms.fsx = docsrc\content\histograms.fsx
		docsrc\content\index.fsx = docsrc\content\index.fsx
		docsrc\content\line-scatter-plots.fsx = docsrc\content\line-scatter-plots.fsx
		docsrc\content\multiple-charts.fsx = docsrc\content\multiple-charts.fsx
		docsrc\content\parallel-categories.fsx = docsrc\content\parallel-categories.fsx
		docsrc\content\parallel-coords.fsx = docsrc\content\parallel-coords.fsx
		docsrc\content\pie-daughnut-charts.fsx = docsrc\content\pie-daughnut-charts.fsx
		docsrc\content\polar-charts.fsx = docsrc\content\polar-charts.fsx
		docsrc\content\range-plots.fsx = docsrc\content\range-plots.fsx
		docsrc\content\sankey.fsx = docsrc\content\sankey.fsx
		docsrc\content\shapes.fsx = docsrc\content\shapes.fsx
		docsrc\content\splom.fsx = docsrc\content\splom.fsx
		docsrc\content\table.fsx = docsrc\content\table.fsx
		docsrc\content\violin-plots.fsx = docsrc\content\violin-plots.fsx
		docsrc\content\windrose-charts.fsx = docsrc\content\windrose-charts.fsx
	EndProjectSection
EndProject
Project("{2150E333-8FDC-42A3-9474-1A3956D46DE8}") = "git", "git", "{078A9C52-DDC1-46F4-9235-9E6C89C87AFD}"
	ProjectSection(SolutionItems) = preProject
		.gitattributes = .gitattributes
		.gitignore = .gitignore
	EndProjectSection
EndProject
Project("{2150E333-8FDC-42A3-9474-1A3956D46DE8}") = ".build", ".build", "{7C6D08E7-3EAC-4335-8F4B-252C193C27C9}"
	ProjectSection(SolutionItems) = preProject
		build.cmd = build.cmd
		build.fsx = build.fsx
		build.sh = build.sh
	EndProjectSection
EndProject
Project("{6EC3EE1D-3C4E-46DD-8F32-0CC8E7565705}") = "Plotly.NET", "src\Plotly.NET\Plotly.NET.fsproj", "{DFAC135B-36B8-4347-B1DD-B5E0144610C2}"
EndProject
Project("{F2A71F9B-5D33-465A-A702-920D77279786}") = "Plotly.NET.Tests", "tests\Plotly.NET.Tests\Plotly.NET.Tests.fsproj", "{2C9916F4-817A-4B70-8D83-F48E9A30544F}"
EndProject
Project("{2150E333-8FDC-42A3-9474-1A3956D46DE8}") = ".ci", ".ci", "{2461AFBF-6E10-4F7B-A0EA-3D62541C2EB1}"
	ProjectSection(SolutionItems) = preProject
		.circleci\config.yml = .circleci\config.yml
	EndProjectSection
EndProject
Project("{2150E333-8FDC-42A3-9474-1A3956D46DE8}") = "src", "src", "{FDA42E0F-C03B-47C1-B24B-EAEEFE281514}"
EndProject
Project("{F2A71F9B-5D33-465A-A702-920D77279786}") = "Plotly.NET.Interactive.Extension", "src\Plotly.NET.Interactive.Extension\Plotly.NET.Interactive.Extension.fsproj", "{F077EBB9-194D-4492-A81D-105BE535F11B}"
EndProject
Global
	GlobalSection(SolutionConfigurationPlatforms) = preSolution
		Debug|Any CPU = Debug|Any CPU
		Dotnet|Any CPU = Dotnet|Any CPU
		Release|Any CPU = Release|Any CPU
	EndGlobalSection
	GlobalSection(ProjectConfigurationPlatforms) = postSolution
		{DFAC135B-36B8-4347-B1DD-B5E0144610C2}.Debug|Any CPU.ActiveCfg = Debug|Any CPU
		{DFAC135B-36B8-4347-B1DD-B5E0144610C2}.Debug|Any CPU.Build.0 = Debug|Any CPU
		{DFAC135B-36B8-4347-B1DD-B5E0144610C2}.Dotnet|Any CPU.ActiveCfg = Dotnet|Any CPU
		{DFAC135B-36B8-4347-B1DD-B5E0144610C2}.Dotnet|Any CPU.Build.0 = Dotnet|Any CPU
		{DFAC135B-36B8-4347-B1DD-B5E0144610C2}.Release|Any CPU.ActiveCfg = Release|Any CPU
		{DFAC135B-36B8-4347-B1DD-B5E0144610C2}.Release|Any CPU.Build.0 = Release|Any CPU
		{2C9916F4-817A-4B70-8D83-F48E9A30544F}.Debug|Any CPU.ActiveCfg = Debug|Any CPU
		{2C9916F4-817A-4B70-8D83-F48E9A30544F}.Debug|Any CPU.Build.0 = Debug|Any CPU
		{2C9916F4-817A-4B70-8D83-F48E9A30544F}.Dotnet|Any CPU.ActiveCfg = Debug|Any CPU
		{2C9916F4-817A-4B70-8D83-F48E9A30544F}.Dotnet|Any CPU.Build.0 = Debug|Any CPU
		{2C9916F4-817A-4B70-8D83-F48E9A30544F}.Release|Any CPU.ActiveCfg = Release|Any CPU
		{2C9916F4-817A-4B70-8D83-F48E9A30544F}.Release|Any CPU.Build.0 = Release|Any CPU
		{F077EBB9-194D-4492-A81D-105BE535F11B}.Debug|Any CPU.ActiveCfg = Debug|Any CPU
		{F077EBB9-194D-4492-A81D-105BE535F11B}.Debug|Any CPU.Build.0 = Debug|Any CPU
		{F077EBB9-194D-4492-A81D-105BE535F11B}.Dotnet|Any CPU.ActiveCfg = Debug|Any CPU
		{F077EBB9-194D-4492-A81D-105BE535F11B}.Dotnet|Any CPU.Build.0 = Debug|Any CPU
		{F077EBB9-194D-4492-A81D-105BE535F11B}.Release|Any CPU.ActiveCfg = Release|Any CPU
		{F077EBB9-194D-4492-A81D-105BE535F11B}.Release|Any CPU.Build.0 = Release|Any CPU
	EndGlobalSection
	GlobalSection(SolutionProperties) = preSolution
		HideSolutionNode = FALSE
	EndGlobalSection
	GlobalSection(ExtensibilityGlobals) = postSolution
		SolutionGuid = {7177F1E1-341C-48AB-9864-6B525FFF7633}
	EndGlobalSection
	GlobalSection(NestedProjects) = preSolution
		{F077EBB9-194D-4492-A81D-105BE535F11B} = {FDA42E0F-C03B-47C1-B24B-EAEEFE281514}
	EndGlobalSection
EndGlobal
